version = 1
revision = 3
requires-python = ">=3.11"

[[package]]
name = "defragger"
version = "0.1.0"
source = { virtual = "." }
dependencies = [
    { name = "flatbuffers" },
]

[package.metadata]
requires-dist = [{ name = "flatbuffers", specifier = ">=25.12.19" }]

[[package]]
name = "flatbuffers"
version = "25.12.19"
source = { registry = "https://pypi.org/simple" }
wheels = [
    { url = "https://files.pythonhosted.org/packages/e8/2d/d2a548598be01649e2d46231d151a6c56d10b964d94043a335ae56ea2d92/flatbuffers-25.12.19-py2.py3-none-any.whl", hash = "sha256:7634f50c427838bb021c2d66a3d1168e9d199b0607e6329399f04846d42e20b4", size = 26661, upload-time = "2025-12-19T23:16:13.622Z" },
]
